
Microsoft Visual Studio Solution File, Format Version 12.00
# Visual Studio Version 17
VisualStudioVersion = 17.10.35013.160
MinimumVisualStudioVersion = 10.0.40219.1
Project("{FAE04EC0-301F-11D3-BF4B-00C04F79EFBC}") = "Ud2Hoja10", "Ud2Hoja10\Ud2Hoja10.csproj", "{2E88B438-ED68-4333-88D7-63C37DAE0C83}"
EndProject
Global
	GlobalSection(SolutionConfigurationPlatforms) = preSolution
		Debug|Any CPU = Debug|Any CPU
		Release|Any CPU = Release|Any CPU
	EndGlobalSection
	GlobalSection(ProjectConfigurationPlatforms) = postSolution
		{2E88B438-ED68-4333-88D7-63C37DAE0C83}.Debug|Any CPU.ActiveCfg = Debug|Any CPU
		{2E88B438-ED68-4333-88D7-63C37DAE0C83}.Debug|Any CPU.Build.0 = Debug|Any CPU
		{2E88B438-ED68-4333-88D7-63C37DAE0C83}.Release|Any CPU.ActiveCfg = Release|Any CPU
		{2E88B438-ED68-4333-88D7-63C37DAE0C83}.Release|Any CPU.Build.0 = Release|Any CPU
	EndGlobalSection
	GlobalSection(SolutionProperties) = preSolution
		HideSolutionNode = FALSE
	EndGlobalSection
	GlobalSection(ExtensibilityGlobals) = postSolution
		SolutionGuid = {8226887B-0263-4693-A2E9-1B9FDB82477E}
	EndGlobalSection
EndGlobal
