
Microsoft Visual Studio Solution File, Format Version 12.00
# Visual Studio Version 17
VisualStudioVersion = 17.10.35013.160
MinimumVisualStudioVersion = 10.0.40219.1
Project("{FAE04EC0-301F-11D3-BF4B-00C04F79EFBC}") = "Ud2Hoja18", "Ud2Hoja18\Ud2Hoja18.csproj", "{5A50C3B3-5835-4101-AEE3-C9090BF8ACF3}"
EndProject
Global
	GlobalSection(SolutionConfigurationPlatforms) = preSolution
		Debug|Any CPU = Debug|Any CPU
		Release|Any CPU = Release|Any CPU
	EndGlobalSection
	GlobalSection(ProjectConfigurationPlatforms) = postSolution
		{5A50C3B3-5835-4101-AEE3-C9090BF8ACF3}.Debug|Any CPU.ActiveCfg = Debug|Any CPU
		{5A50C3B3-5835-4101-AEE3-C9090BF8ACF3}.Debug|Any CPU.Build.0 = Debug|Any CPU
		{5A50C3B3-5835-4101-AEE3-C9090BF8ACF3}.Release|Any CPU.ActiveCfg = Release|Any CPU
		{5A50C3B3-5835-4101-AEE3-C9090BF8ACF3}.Release|Any CPU.Build.0 = Release|Any CPU
	EndGlobalSection
	GlobalSection(SolutionProperties) = preSolution
		HideSolutionNode = FALSE
	EndGlobalSection
	GlobalSection(ExtensibilityGlobals) = postSolution
		SolutionGuid = {8E7F19EF-5534-4427-B71B-502CC0C9E57C}
	EndGlobalSection
EndGlobal
