
Microsoft Visual Studio Solution File, Format Version 12.00
# Visual Studio Version 17
VisualStudioVersion = 17.10.35013.160
MinimumVisualStudioVersion = 10.0.40219.1
Project("{FAE04EC0-301F-11D3-BF4B-00C04F79EFBC}") = "Ud2Hoja13", "Ud2Hoja13\Ud2Hoja13.csproj", "{8D308D05-1935-438E-829B-6D085D69F44D}"
EndProject
Global
	GlobalSection(SolutionConfigurationPlatforms) = preSolution
		Debug|Any CPU = Debug|Any CPU
		Release|Any CPU = Release|Any CPU
	EndGlobalSection
	GlobalSection(ProjectConfigurationPlatforms) = postSolution
		{8D308D05-1935-438E-829B-6D085D69F44D}.Debug|Any CPU.ActiveCfg = Debug|Any CPU
		{8D308D05-1935-438E-829B-6D085D69F44D}.Debug|Any CPU.Build.0 = Debug|Any CPU
		{8D308D05-1935-438E-829B-6D085D69F44D}.Release|Any CPU.ActiveCfg = Release|Any CPU
		{8D308D05-1935-438E-829B-6D085D69F44D}.Release|Any CPU.Build.0 = Release|Any CPU
	EndGlobalSection
	GlobalSection(SolutionProperties) = preSolution
		HideSolutionNode = FALSE
	EndGlobalSection
	GlobalSection(ExtensibilityGlobals) = postSolution
		SolutionGuid = {16115530-441D-4779-9F18-386F62F50AC0}
	EndGlobalSection
EndGlobal
