
Microsoft Visual Studio Solution File, Format Version 12.00
# Visual Studio Version 17
VisualStudioVersion = 17.10.35013.160
MinimumVisualStudioVersion = 10.0.40219.1
Project("{FAE04EC0-301F-11D3-BF4B-00C04F79EFBC}") = "EjemploMdi", "EjemploMdi\EjemploMdi.csproj", "{CE5C978F-D98B-452E-9C82-47A189279FBD}"
EndProject
Global
	GlobalSection(SolutionConfigurationPlatforms) = preSolution
		Debug|Any CPU = Debug|Any CPU
		Release|Any CPU = Release|Any CPU
	EndGlobalSection
	GlobalSection(ProjectConfigurationPlatforms) = postSolution
		{CE5C978F-D98B-452E-9C82-47A189279FBD}.Debug|Any CPU.ActiveCfg = Debug|Any CPU
		{CE5C978F-D98B-452E-9C82-47A189279FBD}.Debug|Any CPU.Build.0 = Debug|Any CPU
		{CE5C978F-D98B-452E-9C82-47A189279FBD}.Release|Any CPU.ActiveCfg = Release|Any CPU
		{CE5C978F-D98B-452E-9C82-47A189279FBD}.Release|Any CPU.Build.0 = Release|Any CPU
	EndGlobalSection
	GlobalSection(SolutionProperties) = preSolution
		HideSolutionNode = FALSE
	EndGlobalSection
	GlobalSection(ExtensibilityGlobals) = postSolution
		SolutionGuid = {66254F59-2D68-40BE-BFBB-B5AA4B74C16D}
	EndGlobalSection
EndGlobal
