
Microsoft Visual Studio Solution File, Format Version 12.00
# Visual Studio Version 17
VisualStudioVersion = 17.11.35312.102
MinimumVisualStudioVersion = 10.0.40219.1
Project("{9A19103F-16F7-4668-BE54-9A1E7A4F7556}") = "Ud2Hoja8", "Ud2Hoja8.csproj", "{B6A92E89-B10C-4EC6-A7BF-6029D5E4F2E5}"
EndProject
Global
	GlobalSection(SolutionConfigurationPlatforms) = preSolution
		Debug|Any CPU = Debug|Any CPU
		Release|Any CPU = Release|Any CPU
	EndGlobalSection
	GlobalSection(ProjectConfigurationPlatforms) = postSolution
		{B6A92E89-B10C-4EC6-A7BF-6029D5E4F2E5}.Debug|Any CPU.ActiveCfg = Debug|Any CPU
		{B6A92E89-B10C-4EC6-A7BF-6029D5E4F2E5}.Debug|Any CPU.Build.0 = Debug|Any CPU
		{B6A92E89-B10C-4EC6-A7BF-6029D5E4F2E5}.Release|Any CPU.ActiveCfg = Release|Any CPU
		{B6A92E89-B10C-4EC6-A7BF-6029D5E4F2E5}.Release|Any CPU.Build.0 = Release|Any CPU
	EndGlobalSection
	GlobalSection(SolutionProperties) = preSolution
		HideSolutionNode = FALSE
	EndGlobalSection
	GlobalSection(ExtensibilityGlobals) = postSolution
		SolutionGuid = {A82AE102-F423-4708-BE11-17C78DCA7FD5}
	EndGlobalSection
EndGlobal
