
Microsoft Visual Studio Solution File, Format Version 12.00
# Visual Studio Version 17
VisualStudioVersion = 17.10.35013.160
MinimumVisualStudioVersion = 10.0.40219.1
Project("{FAE04EC0-301F-11D3-BF4B-00C04F79EFBC}") = "Ud2Hoja15", "Ud2Hoja15\Ud2Hoja15.csproj", "{CC858955-6E00-4497-8A92-4E66564F20AF}"
EndProject
Global
	GlobalSection(SolutionConfigurationPlatforms) = preSolution
		Debug|Any CPU = Debug|Any CPU
		Release|Any CPU = Release|Any CPU
	EndGlobalSection
	GlobalSection(ProjectConfigurationPlatforms) = postSolution
		{CC858955-6E00-4497-8A92-4E66564F20AF}.Debug|Any CPU.ActiveCfg = Debug|Any CPU
		{CC858955-6E00-4497-8A92-4E66564F20AF}.Debug|Any CPU.Build.0 = Debug|Any CPU
		{CC858955-6E00-4497-8A92-4E66564F20AF}.Release|Any CPU.ActiveCfg = Release|Any CPU
		{CC858955-6E00-4497-8A92-4E66564F20AF}.Release|Any CPU.Build.0 = Release|Any CPU
	EndGlobalSection
	GlobalSection(SolutionProperties) = preSolution
		HideSolutionNode = FALSE
	EndGlobalSection
	GlobalSection(ExtensibilityGlobals) = postSolution
		SolutionGuid = {E500FA22-7D63-494C-9591-BF70459BF45F}
	EndGlobalSection
EndGlobal
