
Microsoft Visual Studio Solution File, Format Version 12.00
# Visual Studio Version 17
VisualStudioVersion = 17.10.35013.160
MinimumVisualStudioVersion = 10.0.40219.1
Project("{FAE04EC0-301F-11D3-BF4B-00C04F79EFBC}") = "Ud2Hoja9", "Ud2Hoja9\Ud2Hoja9.csproj", "{5BB82563-B7A8-41D5-A2E5-FE00E6ACC47A}"
EndProject
Global
	GlobalSection(SolutionConfigurationPlatforms) = preSolution
		Debug|Any CPU = Debug|Any CPU
		Release|Any CPU = Release|Any CPU
	EndGlobalSection
	GlobalSection(ProjectConfigurationPlatforms) = postSolution
		{5BB82563-B7A8-41D5-A2E5-FE00E6ACC47A}.Debug|Any CPU.ActiveCfg = Debug|Any CPU
		{5BB82563-B7A8-41D5-A2E5-FE00E6ACC47A}.Debug|Any CPU.Build.0 = Debug|Any CPU
		{5BB82563-B7A8-41D5-A2E5-FE00E6ACC47A}.Release|Any CPU.ActiveCfg = Release|Any CPU
		{5BB82563-B7A8-41D5-A2E5-FE00E6ACC47A}.Release|Any CPU.Build.0 = Release|Any CPU
	EndGlobalSection
	GlobalSection(SolutionProperties) = preSolution
		HideSolutionNode = FALSE
	EndGlobalSection
	GlobalSection(ExtensibilityGlobals) = postSolution
		SolutionGuid = {61BE37CD-083F-499D-89BB-3C9E60CEA549}
	EndGlobalSection
EndGlobal
