
Microsoft Visual Studio Solution File, Format Version 12.00
# Visual Studio Version 17
VisualStudioVersion = 17.11.35312.102
MinimumVisualStudioVersion = 10.0.40219.1
Project("{FAE04EC0-301F-11D3-BF4B-00C04F79EFBC}") = "Ud2Hoja5", "Ud2Hoja5\Ud2Hoja5.csproj", "{7B320E1F-5257-4329-AD46-CE167FA13BA4}"
EndProject
Global
	GlobalSection(SolutionConfigurationPlatforms) = preSolution
		Debug|Any CPU = Debug|Any CPU
		Release|Any CPU = Release|Any CPU
	EndGlobalSection
	GlobalSection(ProjectConfigurationPlatforms) = postSolution
		{7B320E1F-5257-4329-AD46-CE167FA13BA4}.Debug|Any CPU.ActiveCfg = Debug|Any CPU
		{7B320E1F-5257-4329-AD46-CE167FA13BA4}.Debug|Any CPU.Build.0 = Debug|Any CPU
		{7B320E1F-5257-4329-AD46-CE167FA13BA4}.Release|Any CPU.ActiveCfg = Release|Any CPU
		{7B320E1F-5257-4329-AD46-CE167FA13BA4}.Release|Any CPU.Build.0 = Release|Any CPU
	EndGlobalSection
	GlobalSection(SolutionProperties) = preSolution
		HideSolutionNode = FALSE
	EndGlobalSection
	GlobalSection(ExtensibilityGlobals) = postSolution
		SolutionGuid = {02B21F5A-2195-4AD9-99D3-1713A89F23E2}
	EndGlobalSection
EndGlobal
